lockfileVersion: 5.4

specifiers:
  lodash: ^4.17.21
  ramda: ^0.28.0

devDependencies:
  lodash: registry.npmmirror.com/lodash/4.17.21
  ramda: registry.npmmirror.com/ramda/0.28.0

packages:

  registry.npmmirror.com/lodash/4.17.21:
    resolution: {integrity: sha512-v2kDEe57lecTulaDIuNTPy3Ry4gLGJ6Z1O3vE1krgXZNrsQ+LFTGHVxVjcXPs17LhbZVGedAJv8XZ1tvj5FvSg==, registry: http://registry.npm.taobao.org/, tarball: https://registry.npmmirror.com/lodash/-/lodash-4.17.21.tgz}
    name: lodash
    version: 4.17.21
    dev: true

  registry.npmmirror.com/ramda/0.28.0:
    resolution: {integrity: sha512-9QnLuG/kPVgWvMQ4aODhsBUFKOUmnbUnsSXACv+NCQZcHbeb+v8Lodp8OVxtRULN1/xOyYLLaL6npE6dMq5QTA==, registry: http://registry.npm.taobao.org/, tarball: https://registry.npmmirror.com/ramda/-/ramda-0.28.0.tgz}
    name: ramda
    version: 0.28.0
    dev: true
